
Microsoft Visual Studio Solution File, Format Version 12.00
# Visual Studio 15
VisualStudioVersion = 15.0.28307.539
MinimumVisualStudioVersion = 10.0.40219.1
Project("{9A19103F-16F7-4668-BE54-9A1E7A4F7556}") = "TaskManagement", "TaskManagement\TaskManagement.csproj", "{CC4F11F7-98EA-42A2-85E4-E08B3CA2CB56}"
EndProject
Project("{FAE04EC0-301F-11D3-BF4B-00C04F79EFBC}") = "OData", "OData\OData.csproj", "{2DDC252B-6794-4A4C-AD66-A9E900A57745}"
EndProject
Global
	GlobalSection(SolutionConfigurationPlatforms) = preSolution
		Debug|Any CPU = Debug|Any CPU
		Release|Any CPU = Release|Any CPU
	EndGlobalSection
	GlobalSection(ProjectConfigurationPlatforms) = postSolution
		{CC4F11F7-98EA-42A2-85E4-E08B3CA2CB56}.Debug|Any CPU.ActiveCfg = Debug|Any CPU
		{CC4F11F7-98EA-42A2-85E4-E08B3CA2CB56}.Debug|Any CPU.Build.0 = Debug|Any CPU
		{CC4F11F7-98EA-42A2-85E4-E08B3CA2CB56}.Release|Any CPU.ActiveCfg = Release|Any CPU
		{CC4F11F7-98EA-42A2-85E4-E08B3CA2CB56}.Release|Any CPU.Build.0 = Release|Any CPU
		{2DDC252B-6794-4A4C-AD66-A9E900A57745}.Debug|Any CPU.ActiveCfg = Debug|Any CPU
		{2DDC252B-6794-4A4C-AD66-A9E900A57745}.Debug|Any CPU.Build.0 = Debug|Any CPU
		{2DDC252B-6794-4A4C-AD66-A9E900A57745}.Release|Any CPU.ActiveCfg = Release|Any CPU
		{2DDC252B-6794-4A4C-AD66-A9E900A57745}.Release|Any CPU.Build.0 = Release|Any CPU
	EndGlobalSection
	GlobalSection(SolutionProperties) = preSolution
		HideSolutionNode = FALSE
	EndGlobalSection
	GlobalSection(ExtensibilityGlobals) = postSolution
		SolutionGuid = {0A8585EB-09F3-4EBD-838B-EB9508825650}
	EndGlobalSection
EndGlobal
