{
  "requires": true,
  "lockfileVersion": 1,
  "dependencies": {
    "@syncfusion/ej2-angular-base": {
      "version": "17.1.39",
      "resolved": "https://registry.npmjs.org/@syncfusion/ej2-angular-base/-/ej2-angular-base-17.1.39.tgz",
      "integrity": "sha512-szIPZLt6k/zPN7oGvHkb0090gulzcDqoLpM7bb7j4zK2/XvXTikT4iuPY1MQg7FLAJ9w4f5T4Fe2ArINCagzyg==",
      "requires": {
        "@syncfusion/ej2-base": "~17.1.38",
        "core-js": "^2.4.1",
        "reflect-metadata": "^0.1.9",
        "rxjs": "^5.0.0",
        "zone.js": "^0.7.2"
      }
    },
    "@syncfusion/ej2-angular-schedule": {
      "version": "17.1.39",
      "resolved": "https://registry.npmjs.org/@syncfusion/ej2-angular-schedule/-/ej2-angular-schedule-17.1.39.tgz",
      "integrity": "sha512-rX3jtTUx1M512GcYXzfAHT+StpB1GT7Ken28T1N05PIlaCooCQAzMnaZ2dMbxvuoF5V6HLUzcEbTCCnspf2NBA==",
      "requires": {
        "@syncfusion/ej2-angular-base": "~17.1.39",
        "@syncfusion/ej2-base": "~17.1.38",
        "@syncfusion/ej2-schedule": "17.1.38"
      }
    },
    "@syncfusion/ej2-base": {
      "version": "17.1.38",
      "resolved": "https://registry.npmjs.org/@syncfusion/ej2-base/-/ej2-base-17.1.38.tgz",
      "integrity": "sha512-K9evWNRJL+QODBPFZuRbKqjbsx/9AjvPJRuKc5v9/w+nFGdkpLdW4lMDERPy9VPxzAMbm1KmpLTFwvLjzaPTGg==",
      "requires": {
        "@syncfusion/ej2-icons": "~17.1.38"
      }
    },
    "@syncfusion/ej2-buttons": {
      "version": "17.1.38",
      "resolved": "https://registry.npmjs.org/@syncfusion/ej2-buttons/-/ej2-buttons-17.1.38.tgz",
      "integrity": "sha512-AJu75hwbhyp42g2Uk2M+zaNVu/CsEWx1QQckC8Syc7A+XN67mrg66F8ZCABNCtsbAyRFKuc88ngVxuDDz78gsg==",
      "requires": {
        "@syncfusion/ej2-base": "~17.1.38"
      }
    },
    "@syncfusion/ej2-calendars": {
      "version": "17.1.38",
      "resolved": "https://registry.npmjs.org/@syncfusion/ej2-calendars/-/ej2-calendars-17.1.38.tgz",
      "integrity": "sha512-ZX/h1PTg/TbVb9qrzt7j2WERqnjMF/IHEkWHWyGq8tot6Jel1FncpDp1+wh0xrcF4FF9lGUoxhrIPCsa+mHo2g==",
      "requires": {
        "@syncfusion/ej2-base": "~17.1.38",
        "@syncfusion/ej2-buttons": "~17.1.38",
        "@syncfusion/ej2-inputs": "~17.1.38",
        "@syncfusion/ej2-lists": "~17.1.38",
        "@syncfusion/ej2-popups": "~17.1.38"
      }
    },
    "@syncfusion/ej2-compression": {
      "version": "17.1.38",
      "resolved": "https://registry.npmjs.org/@syncfusion/ej2-compression/-/ej2-compression-17.1.38.tgz",
      "integrity": "sha512-55hVR4HBgmXM2UPSLt1rfhNTCkQg2F7E93Aj4NppzkihjMvra/djDnMD3x8rVYtyaAwC0mGRGgKREWuNuYNEAw==",
      "requires": {
        "@syncfusion/ej2-file-utils": "~17.1.38"
      }
    },
    "@syncfusion/ej2-data": {
      "version": "17.1.38",
      "resolved": "https://registry.npmjs.org/@syncfusion/ej2-data/-/ej2-data-17.1.38.tgz",
      "integrity": "sha512-zqYpmpmUhnkSYnCOKI/srr5QGkCFQGsPnDYAkv7+pRmOKlRNmbE/7OFV2lFI1QyQdU/zYSX9qER1Ttr6jcSZKg==",
      "requires": {
        "@syncfusion/ej2-base": "~17.1.38"
      }
    },
    "@syncfusion/ej2-dropdowns": {
      "version": "17.1.38",
      "resolved": "https://registry.npmjs.org/@syncfusion/ej2-dropdowns/-/ej2-dropdowns-17.1.38.tgz",
      "integrity": "sha512-jh1oeWOpzigEZy70jJqV2+0HMNHcD1FK5dEM+AHLkm/hzprwH3+yMJY43h1T5mtD9rUvfODlVpK+OvTxfUQElg==",
      "requires": {
        "@syncfusion/ej2-base": "~17.1.38",
        "@syncfusion/ej2-data": "~17.1.38",
        "@syncfusion/ej2-inputs": "~17.1.38",
        "@syncfusion/ej2-lists": "~17.1.38",
        "@syncfusion/ej2-popups": "~17.1.38"
      }
    },
    "@syncfusion/ej2-excel-export": {
      "version": "17.1.38",
      "resolved": "https://registry.npmjs.org/@syncfusion/ej2-excel-export/-/ej2-excel-export-17.1.38.tgz",
      "integrity": "sha512-vyZkzpKlLJfIrk71prhlqYSQHaJM6oTG6ia9BYBPVgJVwH/G1O5GNg1Ge3zrkHYnfuZH7q8qHWueG9EaLLMYvg==",
      "requires": {
        "@syncfusion/ej2-base": "~17.1.38",
        "@syncfusion/ej2-compression": "~17.1.38"
      }
    },
    "@syncfusion/ej2-file-utils": {
      "version": "17.1.38",
      "resolved": "https://registry.npmjs.org/@syncfusion/ej2-file-utils/-/ej2-file-utils-17.1.38.tgz",
      "integrity": "sha512-yw7p24GxcAdJvAhVnYUdA3ADr2m11RR7ZboKugxdR4QmSjtKRQanJKMzGQMJkokHAemNDIsf11onP0txO0y2lg=="
    },
    "@syncfusion/ej2-icons": {
      "version": "17.1.38",
      "resolved": "https://registry.npmjs.org/@syncfusion/ej2-icons/-/ej2-icons-17.1.38.tgz",
      "integrity": "sha512-mMV5wo0KABwaTvyQf1bMijZjydZziKl7ZotHqa8g0JBczRN4LwW36XUV7EecV9qCcWt6jlByg+6L025h8zJIoA=="
    },
    "@syncfusion/ej2-inputs": {
      "version": "17.1.38",
      "resolved": "https://registry.npmjs.org/@syncfusion/ej2-inputs/-/ej2-inputs-17.1.38.tgz",
      "integrity": "sha512-X9oTuOy1S0VHCC/KSxKVKt5ck5JHCsVTOToiDUSpQleCsouP53KHHvP/vZZ+/Ecp3Vglyp/Sl6XDbw/jIAZOlw==",
      "requires": {
        "@syncfusion/ej2-base": "~17.1.38",
        "@syncfusion/ej2-buttons": "~17.1.38",
        "@syncfusion/ej2-popups": "~17.1.38",
        "@syncfusion/ej2-splitbuttons": "~17.1.38"
      }
    },
    "@syncfusion/ej2-lists": {
      "version": "17.1.38",
      "resolved": "https://registry.npmjs.org/@syncfusion/ej2-lists/-/ej2-lists-17.1.38.tgz",
      "integrity": "sha512-2BC1MQx+2PfmQVMiqZ2kui5jUyDolktSkPuMwFm9UCX+2kOs6s4cMEZSoEQHYpzr2npd56YBusthtgkGQYIntA==",
      "requires": {
        "@syncfusion/ej2-base": "~17.1.38",
        "@syncfusion/ej2-buttons": "~17.1.38",
        "@syncfusion/ej2-data": "~17.1.38"
      }
    },
    "@syncfusion/ej2-navigations": {
      "version": "17.1.38",
      "resolved": "https://registry.npmjs.org/@syncfusion/ej2-navigations/-/ej2-navigations-17.1.38.tgz",
      "integrity": "sha512-l4C8SPDl+KTIDgJUgKOHMH737jizIff+2LnO/geYOnDW8sxbAoosO8xor8UYKlDBFfs4TlvhwAe2705MX0gxzg==",
      "requires": {
        "@syncfusion/ej2-base": "~17.1.38",
        "@syncfusion/ej2-buttons": "~17.1.38",
        "@syncfusion/ej2-data": "~17.1.38",
        "@syncfusion/ej2-inputs": "~17.1.38",
        "@syncfusion/ej2-lists": "~17.1.38",
        "@syncfusion/ej2-popups": "~17.1.38"
      }
    },
    "@syncfusion/ej2-popups": {
      "version": "17.1.38",
      "resolved": "https://registry.npmjs.org/@syncfusion/ej2-popups/-/ej2-popups-17.1.38.tgz",
      "integrity": "sha512-7CSpdVra9fMSGrxww/4ZuVqA4Was3f+SFotJ/FwnP5prliEG6T1MgR6lzqBTXRb79UZmLVcXdMbGuq447a5Vgg==",
      "requires": {
        "@syncfusion/ej2-base": "~17.1.38",
        "@syncfusion/ej2-buttons": "~17.1.38"
      }
    },
    "@syncfusion/ej2-schedule": {
      "version": "17.1.38",
      "resolved": "https://registry.npmjs.org/@syncfusion/ej2-schedule/-/ej2-schedule-17.1.38.tgz",
      "integrity": "sha512-/X1UGlRPWZNLBVjuurZA7hfwSxXrqGpBVsVybozDHDcBsU/KklOXeqhkmO5nCshNci4qMK7DYzpUgVIjxcVC2A==",
      "requires": {
        "@syncfusion/ej2-base": "~17.1.38",
        "@syncfusion/ej2-buttons": "~17.1.38",
        "@syncfusion/ej2-calendars": "~17.1.38",
        "@syncfusion/ej2-data": "~17.1.38",
        "@syncfusion/ej2-dropdowns": "~17.1.38",
        "@syncfusion/ej2-excel-export": "~17.1.38",
        "@syncfusion/ej2-inputs": "~17.1.38",
        "@syncfusion/ej2-lists": "~17.1.38",
        "@syncfusion/ej2-navigations": "~17.1.38",
        "@syncfusion/ej2-popups": "~17.1.38"
      }
    },
    "@syncfusion/ej2-splitbuttons": {
      "version": "17.1.38",
      "resolved": "https://registry.npmjs.org/@syncfusion/ej2-splitbuttons/-/ej2-splitbuttons-17.1.38.tgz",
      "integrity": "sha512-+C15oWGACLVhQjGRfxgeJDV/AcE9GVzGZ0TsSI901gE1NZosxwOXQgrrhtx4u/wKMbvp4EFa8du9zDWd85dFzQ==",
      "requires": {
        "@syncfusion/ej2-base": "~17.1.38",
        "@syncfusion/ej2-popups": "~17.1.38"
      }
    },
    "core-js": {
      "version": "2.6.5",
      "resolved": "https://registry.npmjs.org/core-js/-/core-js-2.6.5.tgz",
      "integrity": "sha512-klh/kDpwX8hryYL14M9w/xei6vrv6sE8gTHDG7/T/+SEovB/G4ejwcfE/CBzO6Edsu+OETZMZ3wcX/EjUkrl5A=="
    },
    "reflect-metadata": {
      "version": "0.1.13",
      "resolved": "https://registry.npmjs.org/reflect-metadata/-/reflect-metadata-0.1.13.tgz",
      "integrity": "sha512-Ts1Y/anZELhSsjMcU605fU9RE4Oi3p5ORujwbIKXfWa+0Zxs510Qrmrce5/Jowq3cHSZSJqBjypxmHarc+vEWg=="
    },
    "rxjs": {
      "version": "5.5.12",
      "resolved": "https://registry.npmjs.org/rxjs/-/rxjs-5.5.12.tgz",
      "integrity": "sha512-xx2itnL5sBbqeeiVgNPVuQQ1nC8Jp2WfNJhXWHmElW9YmrpS9UVnNzhP3EH3HFqexO5Tlp8GhYY+WEcqcVMvGw==",
      "requires": {
        "symbol-observable": "1.0.1"
      }
    },
    "symbol-observable": {
      "version": "1.0.1",
      "resolved": "https://registry.npmjs.org/symbol-observable/-/symbol-observable-1.0.1.tgz",
      "integrity": "sha1-g0D8RwLDEi310iKI+IKD9RPT/dQ="
    },
    "zone.js": {
      "version": "0.7.8",
      "resolved": "https://registry.npmjs.org/zone.js/-/zone.js-0.7.8.tgz",
      "integrity": "sha1-Tz/og01EWX8mOQU6D6Q43zT//e0="
    }
  }
}
